dependencies:
  esp-idf-lib/dht:
    component_hash: a0a1b26519566809041bc8fccf754e3ee9b25f73b0decbdc51bfd16143dedd66
    dependencies:
    - name: esp-idf-lib/esp_idf_lib_helpers
      registry_url: https://components.espressif.com
      require: private
      version: '*'
    source:
      registry_url: https://components.espressif.com/
      type: service
    targets:
    - esp32
    - esp32c2
    - esp32c3
    - esp32c5
    - esp32c6
    - esp32c61
    - esp32h2
    - esp32p4
    - esp32s2
    - esp32s3
    version: 1.2.0
  esp-idf-lib/esp_idf_lib_helpers:
    component_hash: 689853bb8993434f9556af0f2816e808bf77b5d22100144b21f3519993daf237
    dependencies: []
    source:
      registry_url: https://components.espressif.com
      type: service
    targets:
    - esp32
    - esp32c2
    - esp32c3
    - esp32c5
    - esp32c6
    - esp32c61
    - esp32h2
    - esp32p4
    - esp32s2
    - esp32s3
    version: 1.4.0
  espp/ads1x15:
    component_hash: 2499da0e53cfe716f956d8ef6cc7ec7f208fda320b58c23c9cccb5c3f6ebda43
    dependencies:
    - name: espp/base_peripheral
      registry_url: https://components.espressif.com
      require: private
      version: '>=1.0'
    - name: idf
      require: private
      version: '>=5.0'
    source:
      registry_url: https://components.espressif.com/
      type: service
    version: 1.1.4
  espp/base_component:
    component_hash: 13da66b6bac5cbee10d3dd98411fc40c4f380c88116ec024942f719da1534b47
    dependencies:
    - name: espp/logger
      registry_url: https://components.espressif.com
      require: private
      version: '>=1.0'
    - name: idf
      require: private
      version: '>=5.0'
    source:
      registry_url: https://components.espressif.com
      type: service
    version: 1.1.7
  espp/base_peripheral:
    component_hash: c2e57b0b29ed1d7c8670825c60c70857b9f6ed5d5e897c6a74579b21b561f555
    dependencies:
    - name: espp/base_component
      registry_url: https://components.espressif.com
      require: private
      version: '>=1.0'
    - name: idf
      require: private
      version: '>=5.0'
    source:
      registry_url: https://components.espressif.com
      type: service
    version: 1.1.7
  espp/format:
    component_hash: c813575759e4c8b319add49af53b6e37bdf627dd02e6941a045f079a8c4d78e9
    dependencies:
    - name: idf
      require: private
      version: '>=5.0'
    source:
      registry_url: https://components.espressif.com
      type: service
    version: 1.1.7
  espp/logger:
    component_hash: 1e6c49a8c6e369c741d5dc5cc4dcbc294513af844929a3b3702c5beb0eb08081
    dependencies:
    - name: espp/format
      registry_url: https://components.espressif.com
      require: private
      version: '>=1.0'
    - name: idf
      require: private
      version: '>=5.0'
    source:
      registry_url: https://components.espressif.com
      type: service
    version: 1.1.7
  espressif/mdns:
    component_hash: e81ca7a7f53ea34e78274df054da692c272e1315572876b237b1748e267c013b
    dependencies:
    - name: idf
      require: private
      version: '>=5.0'
    source:
      registry_url: https://components.espressif.com/
      type: service
    version: 1.11.3
  idf:
    source:
      type: idf
    version: 5.5.2
  jgromes/radiolib:
    component_hash: a5250de30ec5cb42954d27b6b7e08e35623f9e094042a0698b61d8c02740f689
    dependencies:
    - name: idf
      require: private
      version: '>=4.1'
    source:
      registry_url: https://components.espressif.com/
      type: service
    version: 6.6.0
direct_dependencies:
- esp-idf-lib/dht
- espp/ads1x15
- espressif/mdns
- idf
- jgromes/radiolib
manifest_hash: a839c2781a2ce170ead900f3ff4b5bbbe571b33a573bfc3dd3c5d987de916a4d
target: esp32
version: 2.0.0
